
Microsoft Visual Studio Solution File, Format Version 12.00
# Visual Studio 2012
Project("{FAE04EC0-301F-11D3-BF4B-00C04F79EFBC}") = "ProvaSuAzure", "ProvaSuAzure\ProvaSuAzure.csproj", "{03BA0AC6-E460-4763-A82B-F93C021CC047}"
EndProject
Global
	GlobalSection(SolutionConfigurationPlatforms) = preSolution
		Debug|Any CPU = Debug|Any CPU
		Release|Any CPU = Release|Any CPU
	EndGlobalSection
	GlobalSection(ProjectConfigurationPlatforms) = postSolution
		{03BA0AC6-E460-4763-A82B-F93C021CC047}.Debug|Any CPU.ActiveCfg = Debug|Any CPU
		{03BA0AC6-E460-4763-A82B-F93C021CC047}.Debug|Any CPU.Build.0 = Debug|Any CPU
		{03BA0AC6-E460-4763-A82B-F93C021CC047}.Release|Any CPU.ActiveCfg = Release|Any CPU
		{03BA0AC6-E460-4763-A82B-F93C021CC047}.Release|Any CPU.Build.0 = Release|Any CPU
	EndGlobalSection
EndGlobal
